
Microsoft Visual Studio Solution File, Format Version 12.00
# Visual Studio 15
VisualStudioVersion = 15.0.27703.2026
MinimumVisualStudioVersion = 10.0.40219.1
Project("{FAE04EC0-301F-11D3-BF4B-00C04F79EFBC}") = "Threax.FlexMapper", "Threax.FlexMapper\Threax.FlexMapper.csproj", "{F49EEFD9-BCAB-4A8E-9C83-A78E46CE465C}"
EndProject
Global
	GlobalSection(SolutionConfigurationPlatforms) = preSolution
		Debug|Any CPU = Debug|Any CPU
		Release|Any CPU = Release|Any CPU
	EndGlobalSection
	GlobalSection(ProjectConfigurationPlatforms) = postSolution
		{F49EEFD9-BCAB-4A8E-9C83-A78E46CE465C}.Debug|Any CPU.ActiveCfg = Debug|Any CPU
		{F49EEFD9-BCAB-4A8E-9C83-A78E46CE465C}.Debug|Any CPU.Build.0 = Debug|Any CPU
		{F49EEFD9-BCAB-4A8E-9C83-A78E46CE465C}.Release|Any CPU.ActiveCfg = Release|Any CPU
		{F49EEFD9-BCAB-4A8E-9C83-A78E46CE465C}.Release|Any CPU.Build.0 = Release|Any CPU
	EndGlobalSection
	GlobalSection(SolutionProperties) = preSolution
		HideSolutionNode = FALSE
	EndGlobalSection
	GlobalSection(ExtensibilityGlobals) = postSolution
		SolutionGuid = {D132FCBA-C2CA-4F90-B38F-D8492A5047DC}
	EndGlobalSection
EndGlobal
